
Microsoft Visual Studio Solution File, Format Version 12.00
# Visual Studio 15
VisualStudioVersion = 15.0.27428.2011
MinimumVisualStudioVersion = 10.0.40219.1
Project("{FAE04EC0-301F-11D3-BF4B-00C04F79EFBC}") = "TestowoServer", "TestowoServer\TestowoServer.csproj", "{6BEC9192-E03B-4B0B-A25B-00B726578607}"
EndProject
Global
	GlobalSection(SolutionConfigurationPlatforms) = preSolution
		Debug|Any CPU = Debug|Any CPU
		Release|Any CPU = Release|Any CPU
	EndGlobalSection
	GlobalSection(ProjectConfigurationPlatforms) = postSolution
		{6BEC9192-E03B-4B0B-A25B-00B726578607}.Debug|Any CPU.ActiveCfg = Debug|Any CPU
		{6BEC9192-E03B-4B0B-A25B-00B726578607}.Debug|Any CPU.Build.0 = Debug|Any CPU
		{6BEC9192-E03B-4B0B-A25B-00B726578607}.Release|Any CPU.ActiveCfg = Release|Any CPU
		{6BEC9192-E03B-4B0B-A25B-00B726578607}.Release|Any CPU.Build.0 = Release|Any CPU
	EndGlobalSection
	GlobalSection(SolutionProperties) = preSolution
		HideSolutionNode = FALSE
	EndGlobalSection
	GlobalSection(ExtensibilityGlobals) = postSolution
		SolutionGuid = {B96E235A-1752-4C52-8AAD-70DB62EB666B}
	EndGlobalSection
EndGlobal
